
Microsoft Visual Studio Solution File, Format Version 12.00
# Visual Studio Version 17
VisualStudioVersion = 17.6.33712.159
MinimumVisualStudioVersion = 10.0.40219.1
Project("{FAE04EC0-301F-11D3-BF4B-00C04F79EFBC}") = "Halo", "Halo\Halo.csproj", "{03BA596C-4864-4C95-8FF7-54C249701BEB}"
EndProject
Global
	GlobalSection(SolutionConfigurationPlatforms) = preSolution
		Debug|Any CPU = Debug|Any CPU
		Release|Any CPU = Release|Any CPU
	EndGlobalSection
	GlobalSection(ProjectConfigurationPlatforms) = postSolution
		{03BA596C-4864-4C95-8FF7-54C249701BEB}.Debug|Any CPU.ActiveCfg = Debug|Any CPU
		{03BA596C-4864-4C95-8FF7-54C249701BEB}.Debug|Any CPU.Build.0 = Debug|Any CPU
		{03BA596C-4864-4C95-8FF7-54C249701BEB}.Release|Any CPU.ActiveCfg = Release|Any CPU
		{03BA596C-4864-4C95-8FF7-54C249701BEB}.Release|Any CPU.Build.0 = Release|Any CPU
	EndGlobalSection
	GlobalSection(SolutionProperties) = preSolution
		HideSolutionNode = FALSE
	EndGlobalSection
	GlobalSection(ExtensibilityGlobals) = postSolution
		SolutionGuid = {A602B143-9670-4420-8E05-9EDEEC86B5BD}
	EndGlobalSection
EndGlobal
